
Microsoft Visual Studio Solution File, Format Version 12.00
# Visual Studio Version 17
VisualStudioVersion = 17.9.34723.18
MinimumVisualStudioVersion = 10.0.40219.1
Project("{FAE04EC0-301F-11D3-BF4B-00C04F79EFBC}") = "小科狗统计", "小科狗统计\小科狗统计.csproj", "{AD44700D-C319-41C4-9CA2-39B483704E7A}"
EndProject
Global
	GlobalSection(SolutionConfigurationPlatforms) = preSolution
		Debug|Any CPU = Debug|Any CPU
		Debug|x64 = Debug|x64
		Release|Any CPU = Release|Any CPU
		Release|x64 = Release|x64
	EndGlobalSection
	GlobalSection(ProjectConfigurationPlatforms) = postSolution
		{AD44700D-C319-41C4-9CA2-39B483704E7A}.Debug|Any CPU.ActiveCfg = Debug|Any CPU
		{AD44700D-C319-41C4-9CA2-39B483704E7A}.Debug|Any CPU.Build.0 = Debug|Any CPU
		{AD44700D-C319-41C4-9CA2-39B483704E7A}.Debug|x64.ActiveCfg = Debug|x64
		{AD44700D-C319-41C4-9CA2-39B483704E7A}.Debug|x64.Build.0 = Debug|x64
		{AD44700D-C319-41C4-9CA2-39B483704E7A}.Release|Any CPU.ActiveCfg = Release|Any CPU
		{AD44700D-C319-41C4-9CA2-39B483704E7A}.Release|Any CPU.Build.0 = Release|Any CPU
		{AD44700D-C319-41C4-9CA2-39B483704E7A}.Release|x64.ActiveCfg = Release|Any CPU
		{AD44700D-C319-41C4-9CA2-39B483704E7A}.Release|x64.Build.0 = Release|Any CPU
	EndGlobalSection
	GlobalSection(SolutionProperties) = preSolution
		HideSolutionNode = FALSE
	EndGlobalSection
	GlobalSection(ExtensibilityGlobals) = postSolution
		SolutionGuid = {702F78E6-AF74-4CF7-80C0-7059201C0860}
	EndGlobalSection
EndGlobal
